// !$*UTF8*$!
{
	archiveVersion = 1;
	classes = {
	};
	objectVersion = 50;
	objects = {

/* Begin PBXBuildFile section */
		2C22DEBA24D8571600DDDFD7 /* NotificationTableVC.swift in Sources */ = {isa = PBXBuildFile; fileRef = 2C22DEB924D8571600DDDFD7 /* NotificationTableVC.swift */; };
		2C22DEBC24D85D7200DDDFD7 /* GroupedSection.swift in Sources */ = {isa = PBXBuildFile; fileRef = 2C22DEBB24D85D7200DDDFD7 /* GroupedSection.swift */; };
		2C3BC4C924D2762C000C2100 /* ForgotPasswordVC.swift in Sources */ = {isa = PBXBuildFile; fileRef = 2C3BC4C824D2762C000C2100 /* ForgotPasswordVC.swift */; };
		2C3BC4CB24D27B3F000C2100 /* ForgotPassword.storyboard in Resources */ = {isa = PBXBuildFile; fileRef = 2C3BC4CA24D27B3F000C2100 /* ForgotPassword.storyboard */; };
		2C518EAB24C7DDD800B0B383 /* HelperExtension.swift in Sources */ = {isa = PBXBuildFile; fileRef = 2C518EAA24C7DDD800B0B383 /* HelperExtension.swift */; };
		2C518EB624C84DB000B0B383 /* ProfileTableVC.swift in Sources */ = {isa = PBXBuildFile; fileRef = 2C518EB424C84DB000B0B383 /* ProfileTableVC.swift */; };
		2C518EC324C85AB500B0B383 /* MyCommunityCell.swift in Sources */ = {isa = PBXBuildFile; fileRef = 2C518EC224C85AB500B0B383 /* MyCommunityCell.swift */; };
		2C625BCB24CA8681005EF2EF /* Expandable.swift in Sources */ = {isa = PBXBuildFile; fileRef = 2C625BCA24CA8681005EF2EF /* Expandable.swift */; };
		2C625BCE24CA89A3005EF2EF /* CommunityCollectionVC.swift in Sources */ = {isa = PBXBuildFile; fileRef = 2C625BCD24CA89A3005EF2EF /* CommunityCollectionVC.swift */; };
		2C625BD024CA89DC005EF2EF /* CommunityCollectionCell.swift in Sources */ = {isa = PBXBuildFile; fileRef = 2C625BCF24CA89DC005EF2EF /* CommunityCollectionCell.swift */; };
		2C63250624CD338E00A780B5 /* CommunityMemberCollectionCell.swift in Sources */ = {isa = PBXBuildFile; fileRef = 2C63250524CD338E00A780B5 /* CommunityMemberCollectionCell.swift */; };
		2C63250924CDCB9500A780B5 /* CommunityAlbumCollectionCell.swift in Sources */ = {isa = PBXBuildFile; fileRef = 2C63250824CDCB9500A780B5 /* CommunityAlbumCollectionCell.swift */; };
		2C65296C24CEE8EF00D242D2 /* CommunityDetailContainerVC.swift in Sources */ = {isa = PBXBuildFile; fileRef = 2C65296B24CEE8EF00D242D2 /* CommunityDetailContainerVC.swift */; };
		2C66A7F224CFC6790039A167 /* NewDiscussionTableVC.swift in Sources */ = {isa = PBXBuildFile; fileRef = 2C66A7F124CFC6790039A167 /* NewDiscussionTableVC.swift */; };
		2C66A7F424CFE6690039A167 /* OffLimitsTableVC.swift in Sources */ = {isa = PBXBuildFile; fileRef = 2C66A7F324CFE6690039A167 /* OffLimitsTableVC.swift */; };
		2C69C68524C938820050C751 /* MyCommunityTable.swift in Sources */ = {isa = PBXBuildFile; fileRef = 2C69C68424C938820050C751 /* MyCommunityTable.swift */; };
		2C69C68724C93A030050C751 /* BadgeCollectionCell.swift in Sources */ = {isa = PBXBuildFile; fileRef = 2C69C68624C93A030050C751 /* BadgeCollectionCell.swift */; };
		2C6BA97024CF01C5004C39ED /* CommunityDiscussionCell.swift in Sources */ = {isa = PBXBuildFile; fileRef = 2C6BA96F24CF01C5004C39ED /* CommunityDiscussionCell.swift */; };
		2C7D57C224CE868400F66FA6 /* CommunityLocationVC.swift in Sources */ = {isa = PBXBuildFile; fileRef = 2C7D57C124CE868400F66FA6 /* CommunityLocationVC.swift */; };
		2C86CD6024D7123D00997B55 /* TurnOnNotifView.swift in Sources */ = {isa = PBXBuildFile; fileRef = 2C86CD5F24D7123D00997B55 /* TurnOnNotifView.swift */; };
		2C86CD6424D714A000997B55 /* TurnOnNotifView.xib in Resources */ = {isa = PBXBuildFile; fileRef = 2C86CD6324D714A000997B55 /* TurnOnNotifView.xib */; };
		2C86CD6824D7BD0B00997B55 /* NotificationView.xib in Resources */ = {isa = PBXBuildFile; fileRef = 2C86CD6724D7BD0B00997B55 /* NotificationView.xib */; };
		2C86CD6A24D7BD1800997B55 /* NotificationView.swift in Sources */ = {isa = PBXBuildFile; fileRef = 2C86CD6924D7BD1800997B55 /* NotificationView.swift */; };
		2C86CD6D24D8429D00997B55 /* Notif.swift in Sources */ = {isa = PBXBuildFile; fileRef = 2C86CD6C24D8429D00997B55 /* Notif.swift */; };
		2CB9457424D9781D00B49ADC /* NotifItem.swift in Sources */ = {isa = PBXBuildFile; fileRef = 2CB9457324D9781D00B49ADC /* NotifItem.swift */; };
		2CD4E77724D0646600FFD76D /* CommunityDetailTableVC.swift in Sources */ = {isa = PBXBuildFile; fileRef = 2CD4E77624D0646500FFD76D /* CommunityDetailTableVC.swift */; };
		2CD5A2F524D6A63F00DDCE0F /* NSLayoutHelper.swift in Sources */ = {isa = PBXBuildFile; fileRef = 2CD5A2EF24D6A63E00DDCE0F /* NSLayoutHelper.swift */; };
		2CD5A2F624D6A63F00DDCE0F /* UILabelHelper.swift in Sources */ = {isa = PBXBuildFile; fileRef = 2CD5A2F024D6A63F00DDCE0F /* UILabelHelper.swift */; };
		2CD5A2F724D6A63F00DDCE0F /* UIButtonHelper.swift in Sources */ = {isa = PBXBuildFile; fileRef = 2CD5A2F124D6A63F00DDCE0F /* UIButtonHelper.swift */; };
		2CD5A2F824D6A63F00DDCE0F /* UITextFieldHelper.swift in Sources */ = {isa = PBXBuildFile; fileRef = 2CD5A2F224D6A63F00DDCE0F /* UITextFieldHelper.swift */; };
		2CD5A2F924D6A63F00DDCE0F /* UITextViewHelper.swift in Sources */ = {isa = PBXBuildFile; fileRef = 2CD5A2F324D6A63F00DDCE0F /* UITextViewHelper.swift */; };
		2CD5A2FA24D6A63F00DDCE0F /* DeviceHelper.swift in Sources */ = {isa = PBXBuildFile; fileRef = 2CD5A2F424D6A63F00DDCE0F /* DeviceHelper.swift */; };
		2CE2379024D927D900996AE7 /* NotifStore.swift in Sources */ = {isa = PBXBuildFile; fileRef = 2CE2378F24D927D900996AE7 /* NotifStore.swift */; };
		2CE981B024C9E246007B2FF4 /* CommunityCell.swift in Sources */ = {isa = PBXBuildFile; fileRef = 2CE981AF24C9E246007B2FF4 /* CommunityCell.swift */; };
		2CE981B924CA6B1E007B2FF4 /* CommunityDraftVC.swift in Sources */ = {isa = PBXBuildFile; fileRef = 2CE981B824CA6B1E007B2FF4 /* CommunityDraftVC.swift */; };
		2CE981BB24CA6BC6007B2FF4 /* CommunityDraftCollectionCell.swift in Sources */ = {isa = PBXBuildFile; fileRef = 2CE981BA24CA6BC6007B2FF4 /* CommunityDraftCollectionCell.swift */; };
		2CE981BE24CA753A007B2FF4 /* CommunityDetailVC.swift in Sources */ = {isa = PBXBuildFile; fileRef = 2CE981BD24CA753A007B2FF4 /* CommunityDetailVC.swift */; };
		8810C60B24C9BBDC00B8207D /* FeedsCreate.storyboard in Resources */ = {isa = PBXBuildFile; fileRef = 8810C60A24C9BBDC00B8207D /* FeedsCreate.storyboard */; };
		88175B3524DAA7FB00EF6267 /* BaseAPIManager.swift in Sources */ = {isa = PBXBuildFile; fileRef = 88175B3424DAA7FB00EF6267 /* BaseAPIManager.swift */; };
		881D35FD24BD4A7800521220 /* AppDelegate.swift in Sources */ = {isa = PBXBuildFile; fileRef = 881D35FC24BD4A7800521220 /* AppDelegate.swift */; };
		881D35FF24BD4A7800521220 /* SceneDelegate.swift in Sources */ = {isa = PBXBuildFile; fileRef = 881D35FE24BD4A7800521220 /* SceneDelegate.swift */; };
		881D360624BD4A7900521220 /* Assets.xcassets in Resources */ = {isa = PBXBuildFile; fileRef = 881D360524BD4A7900521220 /* Assets.xcassets */; };
		881D360924BD4A7900521220 /* LaunchScreen.storyboard in Resources */ = {isa = PBXBuildFile; fileRef = 881D360724BD4A7900521220 /* LaunchScreen.storyboard */; };
		881D361524BD4B4700521220 /* Login.storyboard in Resources */ = {isa = PBXBuildFile; fileRef = 881D361424BD4B4700521220 /* Login.storyboard */; };
		881D361724BD4B5600521220 /* Register.storyboard in Resources */ = {isa = PBXBuildFile; fileRef = 881D361624BD4B5600521220 /* Register.storyboard */; };
		881D361A24BD4BD400521220 /* Notification.storyboard in Resources */ = {isa = PBXBuildFile; fileRef = 881D361924BD4BD400521220 /* Notification.storyboard */; };
		881D361D24BD4BEB00521220 /* Profile.storyboard in Resources */ = {isa = PBXBuildFile; fileRef = 881D361C24BD4BEB00521220 /* Profile.storyboard */; };
		881D361F24BD4BF500521220 /* EditProfile.storyboard in Resources */ = {isa = PBXBuildFile; fileRef = 881D361E24BD4BF500521220 /* EditProfile.storyboard */; };
		881D362124BD4C6700521220 /* Feeds.storyboard in Resources */ = {isa = PBXBuildFile; fileRef = 881D362024BD4C6700521220 /* Feeds.storyboard */; };
		881D362324BD4C7800521220 /* FeedsDetail.storyboard in Resources */ = {isa = PBXBuildFile; fileRef = 881D362224BD4C7800521220 /* FeedsDetail.storyboard */; };
		881D362524BD4C9B00521220 /* FeedsLocation.storyboard in Resources */ = {isa = PBXBuildFile; fileRef = 881D362424BD4C9B00521220 /* FeedsLocation.storyboard */; };
		881D362924BD4E1600521220 /* Community.storyboard in Resources */ = {isa = PBXBuildFile; fileRef = 881D362824BD4E1600521220 /* Community.storyboard */; };
		881D362C24BD4E4000521220 /* Map.storyboard in Resources */ = {isa = PBXBuildFile; fileRef = 881D362B24BD4E4000521220 /* Map.storyboard */; };
		881D362F24BD4EC100521220 /* OffLimit.storyboard in Resources */ = {isa = PBXBuildFile; fileRef = 881D362E24BD4EC100521220 /* OffLimit.storyboard */; };
		881D363124BD4F2A00521220 /* CreateDiscussion.storyboard in Resources */ = {isa = PBXBuildFile; fileRef = 881D363024BD4F2A00521220 /* CreateDiscussion.storyboard */; };
		881D363324BD4FD700521220 /* DiscussionDetail.storyboard in Resources */ = {isa = PBXBuildFile; fileRef = 881D363224BD4FD700521220 /* DiscussionDetail.storyboard */; };
		881D363D24BD521500521220 /* Main.storyboard in Resources */ = {isa = PBXBuildFile; fileRef = 881D363C24BD521500521220 /* Main.storyboard */; };
		881D363F24BD523E00521220 /* ViewController.swift in Sources */ = {isa = PBXBuildFile; fileRef = 881D363E24BD523E00521220 /* ViewController.swift */; };
		881D364124BD52D900521220 /* CommunityVC.swift in Sources */ = {isa = PBXBuildFile; fileRef = 881D364024BD52D900521220 /* CommunityVC.swift */; };
		881D364524BD533A00521220 /* CommunityDiscussionVC.swift in Sources */ = {isa = PBXBuildFile; fileRef = 881D364424BD533A00521220 /* CommunityDiscussionVC.swift */; };
		881D364724BD539C00521220 /* FeedsVC.swift in Sources */ = {isa = PBXBuildFile; fileRef = 881D364624BD539C00521220 /* FeedsVC.swift */; };
		881D364924BD53B300521220 /* FeedsDetailVC.swift in Sources */ = {isa = PBXBuildFile; fileRef = 881D364824BD53B300521220 /* FeedsDetailVC.swift */; };
		881D364B24BD549E00521220 /* FeedsLocationVC.swift in Sources */ = {isa = PBXBuildFile; fileRef = 881D364A24BD549E00521220 /* FeedsLocationVC.swift */; };
		881D364D24BD54B600521220 /* FeedsCreateVC.swift in Sources */ = {isa = PBXBuildFile; fileRef = 881D364C24BD54B600521220 /* FeedsCreateVC.swift */; };
		881D364F24BD54E400521220 /* RegisterVC.swift in Sources */ = {isa = PBXBuildFile; fileRef = 881D364E24BD54E400521220 /* RegisterVC.swift */; };
		881D365124BD54F600521220 /* LoginVC.swift in Sources */ = {isa = PBXBuildFile; fileRef = 881D365024BD54F600521220 /* LoginVC.swift */; };
		881D365324BD551F00521220 /* NotificationVC.swift in Sources */ = {isa = PBXBuildFile; fileRef = 881D365224BD551F00521220 /* NotificationVC.swift */; };
		881D365724BD564100521220 /* EditProfileVC.swift in Sources */ = {isa = PBXBuildFile; fileRef = 881D365624BD564100521220 /* EditProfileVC.swift */; };
		881D365924BD565200521220 /* OffLimitVC.swift in Sources */ = {isa = PBXBuildFile; fileRef = 881D365824BD565200521220 /* OffLimitVC.swift */; };
		881D365B24BD566800521220 /* MapVC.swift in Sources */ = {isa = PBXBuildFile; fileRef = 881D365A24BD566800521220 /* MapVC.swift */; };
		881D365E24BD56E300521220 /* Feeds.swift in Sources */ = {isa = PBXBuildFile; fileRef = 881D365D24BD56E300521220 /* Feeds.swift */; };
		881D366024BD570B00521220 /* Tag.swift in Sources */ = {isa = PBXBuildFile; fileRef = 881D365F24BD570B00521220 /* Tag.swift */; };
		881D366224BD572800521220 /* FeedComment.swift in Sources */ = {isa = PBXBuildFile; fileRef = 881D366124BD572800521220 /* FeedComment.swift */; };
		881D366624BD576900521220 /* UserFeeds.swift in Sources */ = {isa = PBXBuildFile; fileRef = 881D366524BD576900521220 /* UserFeeds.swift */; };
		881D366924BD579C00521220 /* Community.swift in Sources */ = {isa = PBXBuildFile; fileRef = 881D366824BD579C00521220 /* Community.swift */; };
		881D366B24BD57B200521220 /* Discussion.swift in Sources */ = {isa = PBXBuildFile; fileRef = 881D366A24BD57B200521220 /* Discussion.swift */; };
		881D366D24BD57BB00521220 /* DiscussionComment.swift in Sources */ = {isa = PBXBuildFile; fileRef = 881D366C24BD57BB00521220 /* DiscussionComment.swift */; };
		886800C524D12814008E7AAE /* DetailDiscussionVC.swift in Sources */ = {isa = PBXBuildFile; fileRef = 886800C424D12814008E7AAE /* DetailDiscussionVC.swift */; };
		886800C824D134D0008E7AAE /* DiscussionCommentCell.swift in Sources */ = {isa = PBXBuildFile; fileRef = 886800C724D134D0008E7AAE /* DiscussionCommentCell.swift */; };
		887F289E24CC418E00018E67 /* FeedCommentCell.swift in Sources */ = {isa = PBXBuildFile; fileRef = 887F289D24CC418E00018E67 /* FeedCommentCell.swift */; };
		889F235F24DC6565007680C8 /* Profile.swift in Sources */ = {isa = PBXBuildFile; fileRef = 889F235E24DC6565007680C8 /* Profile.swift */; };
		88AC2EEB24BED07B00708B76 /* Menu.storyboard in Resources */ = {isa = PBXBuildFile; fileRef = 88AC2EEA24BED07B00708B76 /* Menu.storyboard */; };
		88BAE1AA24D0015E0063B22C /* FeedCategory.swift in Sources */ = {isa = PBXBuildFile; fileRef = 88BAE1A924D0015E0063B22C /* FeedCategory.swift */; };
		88BDD7A124D163B1005E97A5 /* Guidelines.storyboard in Resources */ = {isa = PBXBuildFile; fileRef = 88BDD7A024D163B1005E97A5 /* Guidelines.storyboard */; };
		88DF73C224C724840081B8B0 /* FeedCell.swift in Sources */ = {isa = PBXBuildFile; fileRef = 88DF73C124C724840081B8B0 /* FeedCell.swift */; };
		88E028EF24C7F071005EF2AE /* Location.swift in Sources */ = {isa = PBXBuildFile; fileRef = 88E028EE24C7F071005EF2AE /* Location.swift */; };
		88E028F424C86FF0005EF2AE /* FeedTagsCell.swift in Sources */ = {isa = PBXBuildFile; fileRef = 88E028F324C86FF0005EF2AE /* FeedTagsCell.swift */; };
/* End PBXBuildFile section */

/* Begin PBXFileReference section */
		2C22DEB924D8571600DDDFD7 /* NotificationTableVC.swift */ = {isa = PBXFileReference; lastKnownFileType = sourcecode.swift; path = NotificationTableVC.swift; sourceTree = "<group>"; };
		2C22DEBB24D85D7200DDDFD7 /* GroupedSection.swift */ = {isa = PBXFileReference; lastKnownFileType = sourcecode.swift; path = GroupedSection.swift; sourceTree = "<group>"; };
		2C3BC4C824D2762C000C2100 /* ForgotPasswordVC.swift */ = {isa = PBXFileReference; lastKnownFileType = sourcecode.swift; path = ForgotPasswordVC.swift; sourceTree = "<group>"; };
		2C3BC4CA24D27B3F000C2100 /* ForgotPassword.storyboard */ = {isa = PBXFileReference; lastKnownFileType = file.storyboard; path = ForgotPassword.storyboard; sourceTree = "<group>"; };
		2C518EAA24C7DDD800B0B383 /* HelperExtension.swift */ = {isa = PBXFileReference; fileEncoding = 4; lastKnownFileType = sourcecode.swift; path = HelperExtension.swift; sourceTree = "<group>"; };
		2C518EB424C84DB000B0B383 /* ProfileTableVC.swift */ = {isa = PBXFileReference; lastKnownFileType = sourcecode.swift; path = ProfileTableVC.swift; sourceTree = "<group>"; };
		2C518EC224C85AB500B0B383 /* MyCommunityCell.swift */ = {isa = PBXFileReference; lastKnownFileType = sourcecode.swift; path = MyCommunityCell.swift; sourceTree = "<group>"; };
		2C625BCA24CA8681005EF2EF /* Expandable.swift */ = {isa = PBXFileReference; lastKnownFileType = sourcecode.swift; path = Expandable.swift; sourceTree = "<group>"; };
		2C625BCD24CA89A3005EF2EF /* CommunityCollectionVC.swift */ = {isa = PBXFileReference; lastKnownFileType = sourcecode.swift; path = CommunityCollectionVC.swift; sourceTree = "<group>"; };
		2C625BCF24CA89DC005EF2EF /* CommunityCollectionCell.swift */ = {isa = PBXFileReference; lastKnownFileType = sourcecode.swift; path = CommunityCollectionCell.swift; sourceTree = "<group>"; };
		2C63250524CD338E00A780B5 /* CommunityMemberCollectionCell.swift */ = {isa = PBXFileReference; lastKnownFileType = sourcecode.swift; path = CommunityMemberCollectionCell.swift; sourceTree = "<group>"; };
		2C63250824CDCB9500A780B5 /* CommunityAlbumCollectionCell.swift */ = {isa = PBXFileReference; lastKnownFileType = sourcecode.swift; path = CommunityAlbumCollectionCell.swift; sourceTree = "<group>"; };
		2C642D2A24D01E21007BAE36 /* kostzy.entitlements */ = {isa = PBXFileReference; lastKnownFileType = text.plist.entitlements; path = kostzy.entitlements; sourceTree = "<group>"; };
		2C65296B24CEE8EF00D242D2 /* CommunityDetailContainerVC.swift */ = {isa = PBXFileReference; lastKnownFileType = sourcecode.swift; path = CommunityDetailContainerVC.swift; sourceTree = "<group>"; };
		2C66A7F124CFC6790039A167 /* NewDiscussionTableVC.swift */ = {isa = PBXFileReference; lastKnownFileType = sourcecode.swift; path = NewDiscussionTableVC.swift; sourceTree = "<group>"; };
		2C66A7F324CFE6690039A167 /* OffLimitsTableVC.swift */ = {isa = PBXFileReference; lastKnownFileType = sourcecode.swift; path = OffLimitsTableVC.swift; sourceTree = "<group>"; };
		2C69C68424C938820050C751 /* MyCommunityTable.swift */ = {isa = PBXFileReference; lastKnownFileType = sourcecode.swift; path = MyCommunityTable.swift; sourceTree = "<group>"; };
		2C69C68624C93A030050C751 /* BadgeCollectionCell.swift */ = {isa = PBXFileReference; lastKnownFileType = sourcecode.swift; path = BadgeCollectionCell.swift; sourceTree = "<group>"; };
		2C6BA96F24CF01C5004C39ED /* CommunityDiscussionCell.swift */ = {isa = PBXFileReference; lastKnownFileType = sourcecode.swift; path = CommunityDiscussionCell.swift; sourceTree = "<group>"; };
		2C7D57C124CE868400F66FA6 /* CommunityLocationVC.swift */ = {isa = PBXFileReference; lastKnownFileType = sourcecode.swift; path = CommunityLocationVC.swift; sourceTree = "<group>"; };
		2C86CD5F24D7123D00997B55 /* TurnOnNotifView.swift */ = {isa = PBXFileReference; lastKnownFileType = sourcecode.swift; path = TurnOnNotifView.swift; sourceTree = "<group>"; };
		2C86CD6324D714A000997B55 /* TurnOnNotifView.xib */ = {isa = PBXFileReference; lastKnownFileType = file.xib; path = TurnOnNotifView.xib; sourceTree = "<group>"; };
		2C86CD6724D7BD0B00997B55 /* NotificationView.xib */ = {isa = PBXFileReference; lastKnownFileType = file.xib; path = NotificationView.xib; sourceTree = "<group>"; };
		2C86CD6924D7BD1800997B55 /* NotificationView.swift */ = {isa = PBXFileReference; lastKnownFileType = sourcecode.swift; path = NotificationView.swift; sourceTree = "<group>"; };
		2C86CD6C24D8429D00997B55 /* Notif.swift */ = {isa = PBXFileReference; lastKnownFileType = sourcecode.swift; path = Notif.swift; sourceTree = "<group>"; };
		2CB9457324D9781D00B49ADC /* NotifItem.swift */ = {isa = PBXFileReference; lastKnownFileType = sourcecode.swift; path = NotifItem.swift; sourceTree = "<group>"; };
		2CD4E77624D0646500FFD76D /* CommunityDetailTableVC.swift */ = {isa = PBXFileReference; lastKnownFileType = sourcecode.swift; path = CommunityDetailTableVC.swift; sourceTree = "<group>"; };
		2CD5A2EF24D6A63E00DDCE0F /* NSLayoutHelper.swift */ = {isa = PBXFileReference; fileEncoding = 4; lastKnownFileType = sourcecode.swift; path = NSLayoutHelper.swift; sourceTree = "<group>"; };
		2CD5A2F024D6A63F00DDCE0F /* UILabelHelper.swift */ = {isa = PBXFileReference; fileEncoding = 4; lastKnownFileType = sourcecode.swift; path = UILabelHelper.swift; sourceTree = "<group>"; };
		2CD5A2F124D6A63F00DDCE0F /* UIButtonHelper.swift */ = {isa = PBXFileReference; fileEncoding = 4; lastKnownFileType = sourcecode.swift; path = UIButtonHelper.swift; sourceTree = "<group>"; };
		2CD5A2F224D6A63F00DDCE0F /* UITextFieldHelper.swift */ = {isa = PBXFileReference; fileEncoding = 4; lastKnownFileType = sourcecode.swift; path = UITextFieldHelper.swift; sourceTree = "<group>"; };
		2CD5A2F324D6A63F00DDCE0F /* UITextViewHelper.swift */ = {isa = PBXFileReference; fileEncoding = 4; lastKnownFileType = sourcecode.swift; path = UITextViewHelper.swift; sourceTree = "<group>"; };
		2CD5A2F424D6A63F00DDCE0F /* DeviceHelper.swift */ = {isa = PBXFileReference; fileEncoding = 4; lastKnownFileType = sourcecode.swift; path = DeviceHelper.swift; sourceTree = "<group>"; };
		2CE2378F24D927D900996AE7 /* NotifStore.swift */ = {isa = PBXFileReference; lastKnownFileType = sourcecode.swift; path = NotifStore.swift; sourceTree = "<group>"; };
		2CE981AF24C9E246007B2FF4 /* CommunityCell.swift */ = {isa = PBXFileReference; lastKnownFileType = sourcecode.swift; path = CommunityCell.swift; sourceTree = "<group>"; };
		2CE981B824CA6B1E007B2FF4 /* CommunityDraftVC.swift */ = {isa = PBXFileReference; lastKnownFileType = sourcecode.swift; path = CommunityDraftVC.swift; sourceTree = "<group>"; };
		2CE981BA24CA6BC6007B2FF4 /* CommunityDraftCollectionCell.swift */ = {isa = PBXFileReference; lastKnownFileType = sourcecode.swift; path = CommunityDraftCollectionCell.swift; sourceTree = "<group>"; };
		2CE981BD24CA753A007B2FF4 /* CommunityDetailVC.swift */ = {isa = PBXFileReference; lastKnownFileType = sourcecode.swift; path = CommunityDetailVC.swift; sourceTree = "<group>"; };
		8810C60A24C9BBDC00B8207D /* FeedsCreate.storyboard */ = {isa = PBXFileReference; fileEncoding = 4; lastKnownFileType = file.storyboard; path = FeedsCreate.storyboard; sourceTree = "<group>"; };
		88175B3424DAA7FB00EF6267 /* BaseAPIManager.swift */ = {isa = PBXFileReference; lastKnownFileType = sourcecode.swift; path = BaseAPIManager.swift; sourceTree = "<group>"; };
		881D35F924BD4A7800521220 /* kostzy.app */ = {isa = PBXFileReference; explicitFileType = wrapper.application; includeInIndex = 0; path = kostzy.app; sourceTree = BUILT_PRODUCTS_DIR; };
		881D35FC24BD4A7800521220 /* AppDelegate.swift */ = {isa = PBXFileReference; lastKnownFileType = sourcecode.swift; path = AppDelegate.swift; sourceTree = "<group>"; };
		881D35FE24BD4A7800521220 /* SceneDelegate.swift */ = {isa = PBXFileReference; lastKnownFileType = sourcecode.swift; path = SceneDelegate.swift; sourceTree = "<group>"; };
		881D360524BD4A7900521220 /* Assets.xcassets */ = {isa = PBXFileReference; lastKnownFileType = folder.assetcatalog; path = Assets.xcassets; sourceTree = "<group>"; };
		881D360824BD4A7900521220 /* Base */ = {isa = PBXFileReference; lastKnownFileType = file.storyboard; name = Base; path = Base.lproj/LaunchScreen.storyboard; sourceTree = "<group>"; };
		881D360A24BD4A7900521220 /* Info.plist */ = {isa = PBXFileReference; lastKnownFileType = text.plist.xml; path = Info.plist; sourceTree = "<group>"; };
		881D361424BD4B4700521220 /* Login.storyboard */ = {isa = PBXFileReference; lastKnownFileType = file.storyboard; path = Login.storyboard; sourceTree = "<group>"; };
		881D361624BD4B5600521220 /* Register.storyboard */ = {isa = PBXFileReference; lastKnownFileType = file.storyboard; path = Register.storyboard; sourceTree = "<group>"; };
		881D361924BD4BD400521220 /* Notification.storyboard */ = {isa = PBXFileReference; lastKnownFileType = file.storyboard; path = Notification.storyboard; sourceTree = "<group>"; };
		881D361C24BD4BEB00521220 /* Profile.storyboard */ = {isa = PBXFileReference; lastKnownFileType = file.storyboard; path = Profile.storyboard; sourceTree = "<group>"; };
		881D361E24BD4BF500521220 /* EditProfile.storyboard */ = {isa = PBXFileReference; lastKnownFileType = file.storyboard; path = EditProfile.storyboard; sourceTree = "<group>"; };
		881D362024BD4C6700521220 /* Feeds.storyboard */ = {isa = PBXFileReference; lastKnownFileType = file.storyboard; path = Feeds.storyboard; sourceTree = "<group>"; };
		881D362224BD4C7800521220 /* FeedsDetail.storyboard */ = {isa = PBXFileReference; lastKnownFileType = file.storyboard; path = FeedsDetail.storyboard; sourceTree = "<group>"; };
		881D362424BD4C9B00521220 /* FeedsLocation.storyboard */ = {isa = PBXFileReference; lastKnownFileType = file.storyboard; path = FeedsLocation.storyboard; sourceTree = "<group>"; };
		881D362824BD4E1600521220 /* Community.storyboard */ = {isa = PBXFileReference; lastKnownFileType = file.storyboard; path = Community.storyboard; sourceTree = "<group>"; };
		881D362B24BD4E4000521220 /* Map.storyboard */ = {isa = PBXFileReference; lastKnownFileType = file.storyboard; path = Map.storyboard; sourceTree = "<group>"; };
		881D362E24BD4EC100521220 /* OffLimit.storyboard */ = {isa = PBXFileReference; lastKnownFileType = file.storyboard; path = OffLimit.storyboard; sourceTree = "<group>"; };
		881D363024BD4F2A00521220 /* CreateDiscussion.storyboard */ = {isa = PBXFileReference; lastKnownFileType = file.storyboard; path = CreateDiscussion.storyboard; sourceTree = "<group>"; };
		881D363224BD4FD700521220 /* DiscussionDetail.storyboard */ = {isa = PBXFileReference; lastKnownFileType = file.storyboard; path = DiscussionDetail.storyboard; sourceTree = "<group>"; };
		881D363C24BD521500521220 /* Main.storyboard */ = {isa = PBXFileReference; lastKnownFileType = file.storyboard; path = Main.storyboard; sourceTree = "<group>"; };
		881D363E24BD523E00521220 /* ViewController.swift */ = {isa = PBXFileReference; lastKnownFileType = sourcecode.swift; path = ViewController.swift; sourceTree = "<group>"; };
		881D364024BD52D900521220 /* CommunityVC.swift */ = {isa = PBXFileReference; lastKnownFileType = sourcecode.swift; path = CommunityVC.swift; sourceTree = "<group>"; };
		881D364424BD533A00521220 /* CommunityDiscussionVC.swift */ = {isa = PBXFileReference; lastKnownFileType = sourcecode.swift; path = CommunityDiscussionVC.swift; sourceTree = "<group>"; };
		881D364624BD539C00521220 /* FeedsVC.swift */ = {isa = PBXFileReference; lastKnownFileType = sourcecode.swift; path = FeedsVC.swift; sourceTree = "<group>"; };
		881D364824BD53B300521220 /* FeedsDetailVC.swift */ = {isa = PBXFileReference; lastKnownFileType = sourcecode.swift; path = FeedsDetailVC.swift; sourceTree = "<group>"; };
		881D364A24BD549E00521220 /* FeedsLocationVC.swift */ = {isa = PBXFileReference; lastKnownFileType = sourcecode.swift; path = FeedsLocationVC.swift; sourceTree = "<group>"; };
		881D364C24BD54B600521220 /* FeedsCreateVC.swift */ = {isa = PBXFileReference; lastKnownFileType = sourcecode.swift; path = FeedsCreateVC.swift; sourceTree = "<group>"; };
		881D364E24BD54E400521220 /* RegisterVC.swift */ = {isa = PBXFileReference; lastKnownFileType = sourcecode.swift; path = RegisterVC.swift; sourceTree = "<group>"; };
		881D365024BD54F600521220 /* LoginVC.swift */ = {isa = PBXFileReference; lastKnownFileType = sourcecode.swift; path = LoginVC.swift; sourceTree = "<group>"; };
		881D365224BD551F00521220 /* NotificationVC.swift */ = {isa = PBXFileReference; lastKnownFileType = sourcecode.swift; path = NotificationVC.swift; sourceTree = "<group>"; };
		881D365624BD564100521220 /* EditProfileVC.swift */ = {isa = PBXFileReference; lastKnownFileType = sourcecode.swift; path = EditProfileVC.swift; sourceTree = "<group>"; };
		881D365824BD565200521220 /* OffLimitVC.swift */ = {isa = PBXFileReference; lastKnownFileType = sourcecode.swift; path = OffLimitVC.swift; sourceTree = "<group>"; };
		881D365A24BD566800521220 /* MapVC.swift */ = {isa = PBXFileReference; lastKnownFileType = sourcecode.swift; path = MapVC.swift; sourceTree = "<group>"; };
		881D365D24BD56E300521220 /* Feeds.swift */ = {isa = PBXFileReference; lastKnownFileType = sourcecode.swift; path = Feeds.swift; sourceTree = "<group>"; };
		881D365F24BD570B00521220 /* Tag.swift */ = {isa = PBXFileReference; lastKnownFileType = sourcecode.swift; path = Tag.swift; sourceTree = "<group>"; };
		881D366124BD572800521220 /* FeedComment.swift */ = {isa = PBXFileReference; lastKnownFileType = sourcecode.swift; path = FeedComment.swift; sourceTree = "<group>"; };
		881D366524BD576900521220 /* UserFeeds.swift */ = {isa = PBXFileReference; lastKnownFileType = sourcecode.swift; path = UserFeeds.swift; sourceTree = "<group>"; };
		881D366824BD579C00521220 /* Community.swift */ = {isa = PBXFileReference; lastKnownFileType = sourcecode.swift; path = Community.swift; sourceTree = "<group>"; };
		881D366A24BD57B200521220 /* Discussion.swift */ = {isa = PBXFileReference; lastKnownFileType = sourcecode.swift; path = Discussion.swift; sourceTree = "<group>"; };
		881D366C24BD57BB00521220 /* DiscussionComment.swift */ = {isa = PBXFileReference; lastKnownFileType = sourcecode.swift; path = DiscussionComment.swift; sourceTree = "<group>"; };
		886800C424D12814008E7AAE /* DetailDiscussionVC.swift */ = {isa = PBXFileReference; lastKnownFileType = sourcecode.swift; path = DetailDiscussionVC.swift; sourceTree = "<group>"; };
		886800C724D134D0008E7AAE /* DiscussionCommentCell.swift */ = {isa = PBXFileReference; lastKnownFileType = sourcecode.swift; path = DiscussionCommentCell.swift; sourceTree = "<group>"; };
		887F289D24CC418E00018E67 /* FeedCommentCell.swift */ = {isa = PBXFileReference; lastKnownFileType = sourcecode.swift; path = FeedCommentCell.swift; sourceTree = "<group>"; };
		889F235E24DC6565007680C8 /* Profile.swift */ = {isa = PBXFileReference; lastKnownFileType = sourcecode.swift; path = Profile.swift; sourceTree = "<group>"; };
		88AC2EEA24BED07B00708B76 /* Menu.storyboard */ = {isa = PBXFileReference; lastKnownFileType = file.storyboard; path = Menu.storyboard; sourceTree = "<group>"; };
		88BAE1A924D0015E0063B22C /* FeedCategory.swift */ = {isa = PBXFileReference; lastKnownFileType = sourcecode.swift; path = FeedCategory.swift; sourceTree = "<group>"; };
		88BDD7A024D163B1005E97A5 /* Guidelines.storyboard */ = {isa = PBXFileReference; fileEncoding = 4; lastKnownFileType = file.storyboard; path = Guidelines.storyboard; sourceTree = "<group>"; };
		88DF73C124C724840081B8B0 /* FeedCell.swift */ = {isa = PBXFileReference; lastKnownFileType = sourcecode.swift; path = FeedCell.swift; sourceTree = "<group>"; };
		88E028EE24C7F071005EF2AE /* Location.swift */ = {isa = PBXFileReference; lastKnownFileType = sourcecode.swift; path = Location.swift; sourceTree = "<group>"; };
		88E028F324C86FF0005EF2AE /* FeedTagsCell.swift */ = {isa = PBXFileReference; lastKnownFileType = sourcecode.swift; path = FeedTagsCell.swift; sourceTree = "<group>"; };
/* End PBXFileReference section */

/* Begin PBXFrameworksBuildPhase section */
		881D35F624BD4A7800521220 /* Frameworks */ = {
			isa = PBXFrameworksBuildPhase;
			buildActionMask = 2147483647;
			files = (
			);
			runOnlyForDeploymentPostprocessing = 0;
		};
/* End PBXFrameworksBuildPhase section */

/* Begin PBXGroup section */
		2C22DEBD24D8651600DDDFD7 /* Draft */ = {
			isa = PBXGroup;
			children = (
				2C22DEB924D8571600DDDFD7 /* NotificationTableVC.swift */,
			);
			path = Draft;
			sourceTree = "<group>";
		};
		2C625BCC24CA898A005EF2EF /* CardViewDraft */ = {
			isa = PBXGroup;
			children = (
				2C625BCD24CA89A3005EF2EF /* CommunityCollectionVC.swift */,
				2C625BCF24CA89DC005EF2EF /* CommunityCollectionCell.swift */,
			);
			path = CardViewDraft;
			sourceTree = "<group>";
		};
		2C63250724CDCB7100A780B5 /* Cell */ = {
			isa = PBXGroup;
			children = (
				2CE981AF24C9E246007B2FF4 /* CommunityCell.swift */,
				2C63250524CD338E00A780B5 /* CommunityMemberCollectionCell.swift */,
				2C63250824CDCB9500A780B5 /* CommunityAlbumCollectionCell.swift */,
				2C6BA96F24CF01C5004C39ED /* CommunityDiscussionCell.swift */,
				886800C724D134D0008E7AAE /* DiscussionCommentCell.swift */,
			);
			path = Cell;
			sourceTree = "<group>";
		};
		2C65296D24CEEF7900D242D2 /* Detail */ = {
			isa = PBXGroup;
			children = (
				2C65296B24CEE8EF00D242D2 /* CommunityDetailContainerVC.swift */,
				2CE981BD24CA753A007B2FF4 /* CommunityDetailVC.swift */,
				881D364424BD533A00521220 /* CommunityDiscussionVC.swift */,
				2C66A7F124CFC6790039A167 /* NewDiscussionTableVC.swift */,
				2C66A7F324CFE6690039A167 /* OffLimitsTableVC.swift */,
				886800C424D12814008E7AAE /* DetailDiscussionVC.swift */,
			);
			path = Detail;
			sourceTree = "<group>";
		};
		2C69C68124C935520050C751 /* MyCommunityTable */ = {
			isa = PBXGroup;
			children = (
				2C69C68424C938820050C751 /* MyCommunityTable.swift */,
				2C518EC224C85AB500B0B383 /* MyCommunityCell.swift */,
			);
			path = MyCommunityTable;
			sourceTree = "<group>";
		};
		2C86CD6B24D8428F00997B55 /* Notification */ = {
			isa = PBXGroup;
			children = (
				2C86CD6C24D8429D00997B55 /* Notif.swift */,
				2CB9457324D9781D00B49ADC /* NotifItem.swift */,
				2CE2378F24D927D900996AE7 /* NotifStore.swift */,
				2C22DEBB24D85D7200DDDFD7 /* GroupedSection.swift */,
			);
			path = Notification;
			sourceTree = "<group>";
		};
		2CD5A2FB24D6A64C00DDCE0F /* Helper */ = {
			isa = PBXGroup;
			children = (
				2C518EAA24C7DDD800B0B383 /* HelperExtension.swift */,
				2CD5A2F424D6A63F00DDCE0F /* DeviceHelper.swift */,
				2CD5A2EF24D6A63E00DDCE0F /* NSLayoutHelper.swift */,
				2CD5A2F124D6A63F00DDCE0F /* UIButtonHelper.swift */,
				2CD5A2F024D6A63F00DDCE0F /* UILabelHelper.swift */,
				2CD5A2F224D6A63F00DDCE0F /* UITextFieldHelper.swift */,
				2CD5A2F324D6A63F00DDCE0F /* UITextViewHelper.swift */,
			);
			path = Helper;
			sourceTree = "<group>";
		};
		2CE981BC24CA7285007B2FF4 /* DraftVC */ = {
			isa = PBXGroup;
			children = (
				2CE981B824CA6B1E007B2FF4 /* CommunityDraftVC.swift */,
				2CE981BA24CA6BC6007B2FF4 /* CommunityDraftCollectionCell.swift */,
				2C625BCA24CA8681005EF2EF /* Expandable.swift */,
				2CD4E77624D0646500FFD76D /* CommunityDetailTableVC.swift */,
			);
			path = DraftVC;
			sourceTree = "<group>";
		};
		88175B3324DAA7AD00EF6267 /* Api */ = {
			isa = PBXGroup;
			children = (
				88175B3424DAA7FB00EF6267 /* BaseAPIManager.swift */,
			);
			path = Api;
			sourceTree = "<group>";
		};
		881D35F024BD4A7800521220 = {
			isa = PBXGroup;
			children = (
				881D35FB24BD4A7800521220 /* kostzy */,
				881D35FA24BD4A7800521220 /* Products */,
			);
			sourceTree = "<group>";
		};
		881D35FA24BD4A7800521220 /* Products */ = {
			isa = PBXGroup;
			children = (
				881D35F924BD4A7800521220 /* kostzy.app */,
			);
			name = Products;
			sourceTree = "<group>";
		};
		881D35FB24BD4A7800521220 /* kostzy */ = {
			isa = PBXGroup;
			children = (
				2C642D2A24D01E21007BAE36 /* kostzy.entitlements */,
				881D365C24BD56AC00521220 /* Model */,
				881D363424BD4FE700521220 /* Controller */,
				881D361024BD4AB200521220 /* View */,
				2CD5A2FB24D6A64C00DDCE0F /* Helper */,
				881D35FC24BD4A7800521220 /* AppDelegate.swift */,
				881D35FE24BD4A7800521220 /* SceneDelegate.swift */,
				881D360524BD4A7900521220 /* Assets.xcassets */,
				881D360724BD4A7900521220 /* LaunchScreen.storyboard */,
				881D360A24BD4A7900521220 /* Info.plist */,
			);
			path = kostzy;
			sourceTree = "<group>";
		};
		881D361024BD4AB200521220 /* View */ = {
			isa = PBXGroup;
			children = (
				881D362D24BD4E4900521220 /* OffLimit */,
				881D362A24BD4E3400521220 /* Map */,
				881D361B24BD4BDE00521220 /* Profile */,
				881D361824BD4BBC00521220 /* Notification */,
				881D361324BD4AFE00521220 /* Community */,
				881D361224BD4AF900521220 /* Feeds */,
				881D361124BD4AEF00521220 /* Auth */,
				881D363C24BD521500521220 /* Main.storyboard */,
				88AC2EEA24BED07B00708B76 /* Menu.storyboard */,
			);
			path = View;
			sourceTree = "<group>";
		};
		881D361124BD4AEF00521220 /* Auth */ = {
			isa = PBXGroup;
			children = (
				881D361424BD4B4700521220 /* Login.storyboard */,
				881D361624BD4B5600521220 /* Register.storyboard */,
				2C3BC4CA24D27B3F000C2100 /* ForgotPassword.storyboard */,
			);
			path = Auth;
			sourceTree = "<group>";
		};
		881D361224BD4AF900521220 /* Feeds */ = {
			isa = PBXGroup;
			children = (
				88DF73C024C724160081B8B0 /* Cell */,
				881D362024BD4C6700521220 /* Feeds.storyboard */,
				881D362224BD4C7800521220 /* FeedsDetail.storyboard */,
				8810C60A24C9BBDC00B8207D /* FeedsCreate.storyboard */,
				881D362424BD4C9B00521220 /* FeedsLocation.storyboard */,
			);
			path = Feeds;
			sourceTree = "<group>";
		};
		881D361324BD4AFE00521220 /* Community */ = {
			isa = PBXGroup;
			children = (
				881D362824BD4E1600521220 /* Community.storyboard */,
				881D363024BD4F2A00521220 /* CreateDiscussion.storyboard */,
				881D363224BD4FD700521220 /* DiscussionDetail.storyboard */,
			);
			path = Community;
			sourceTree = "<group>";
		};
		881D361824BD4BBC00521220 /* Notification */ = {
			isa = PBXGroup;
			children = (
				881D361924BD4BD400521220 /* Notification.storyboard */,
				2C86CD6324D714A000997B55 /* TurnOnNotifView.xib */,
				2C86CD6724D7BD0B00997B55 /* NotificationView.xib */,
			);
			path = Notification;
			sourceTree = "<group>";
		};
		881D361B24BD4BDE00521220 /* Profile */ = {
			isa = PBXGroup;
			children = (
				881D361C24BD4BEB00521220 /* Profile.storyboard */,
				881D361E24BD4BF500521220 /* EditProfile.storyboard */,
			);
			path = Profile;
			sourceTree = "<group>";
		};
		881D362A24BD4E3400521220 /* Map */ = {
			isa = PBXGroup;
			children = (
				881D362B24BD4E4000521220 /* Map.storyboard */,
			);
			path = Map;
			sourceTree = "<group>";
		};
		881D362D24BD4E4900521220 /* OffLimit */ = {
			isa = PBXGroup;
			children = (
				88BDD7A024D163B1005E97A5 /* Guidelines.storyboard */,
				881D362E24BD4EC100521220 /* OffLimit.storyboard */,
			);
			path = OffLimit;
			sourceTree = "<group>";
		};
		881D363424BD4FE700521220 /* Controller */ = {
			isa = PBXGroup;
			children = (
				88175B3324DAA7AD00EF6267 /* Api */,
				881D363B24BD502700521220 /* Community */,
				881D363A24BD502200521220 /* Feeds */,
				881D363924BD501600521220 /* Auth */,
				881D363824BD500A00521220 /* Notification */,
				881D363724BD500500521220 /* Profile */,
				881D363624BD500000521220 /* Map */,
				881D363524BD4FF900521220 /* OffLimit */,
				881D363E24BD523E00521220 /* ViewController.swift */,
			);
			path = Controller;
			sourceTree = "<group>";
		};
		881D363524BD4FF900521220 /* OffLimit */ = {
			isa = PBXGroup;
			children = (
				881D365824BD565200521220 /* OffLimitVC.swift */,
			);
			path = OffLimit;
			sourceTree = "<group>";
		};
		881D363624BD500000521220 /* Map */ = {
			isa = PBXGroup;
			children = (
				881D365A24BD566800521220 /* MapVC.swift */,
			);
			path = Map;
			sourceTree = "<group>";
		};
		881D363724BD500500521220 /* Profile */ = {
			isa = PBXGroup;
			children = (
				2C69C68124C935520050C751 /* MyCommunityTable */,
				2C518EB424C84DB000B0B383 /* ProfileTableVC.swift */,
				881D365624BD564100521220 /* EditProfileVC.swift */,
				2C69C68624C93A030050C751 /* BadgeCollectionCell.swift */,
			);
			path = Profile;
			sourceTree = "<group>";
		};
		881D363824BD500A00521220 /* Notification */ = {
			isa = PBXGroup;
			children = (
				881D365224BD551F00521220 /* NotificationVC.swift */,
				2C86CD5F24D7123D00997B55 /* TurnOnNotifView.swift */,
				2C86CD6924D7BD1800997B55 /* NotificationView.swift */,
				2C22DEBD24D8651600DDDFD7 /* Draft */,
			);
			path = Notification;
			sourceTree = "<group>";
		};
		881D363924BD501600521220 /* Auth */ = {
			isa = PBXGroup;
			children = (
				881D364E24BD54E400521220 /* RegisterVC.swift */,
				881D365024BD54F600521220 /* LoginVC.swift */,
				2C3BC4C824D2762C000C2100 /* ForgotPasswordVC.swift */,
			);
			path = Auth;
			sourceTree = "<group>";
		};
		881D363A24BD502200521220 /* Feeds */ = {
			isa = PBXGroup;
			children = (
				881D364624BD539C00521220 /* FeedsVC.swift */,
				881D364824BD53B300521220 /* FeedsDetailVC.swift */,
				881D364A24BD549E00521220 /* FeedsLocationVC.swift */,
				881D364C24BD54B600521220 /* FeedsCreateVC.swift */,
			);
			path = Feeds;
			sourceTree = "<group>";
		};
		881D363B24BD502700521220 /* Community */ = {
			isa = PBXGroup;
			children = (
				881D364024BD52D900521220 /* CommunityVC.swift */,
				2C7D57C124CE868400F66FA6 /* CommunityLocationVC.swift */,
				2C65296D24CEEF7900D242D2 /* Detail */,
				2C63250724CDCB7100A780B5 /* Cell */,
				2C625BCC24CA898A005EF2EF /* CardViewDraft */,
				2CE981BC24CA7285007B2FF4 /* DraftVC */,
			);
			path = Community;
			sourceTree = "<group>";
		};
		881D365C24BD56AC00521220 /* Model */ = {
			isa = PBXGroup;
			children = (
				2C86CD6B24D8428F00997B55 /* Notification */,
				881D366724BD578D00521220 /* Community */,
				881D366424BD575B00521220 /* User */,
				881D366324BD573300521220 /* Feeds */,
			);
			path = Model;
			sourceTree = "<group>";
		};
		881D366324BD573300521220 /* Feeds */ = {
			isa = PBXGroup;
			children = (
				881D365D24BD56E300521220 /* Feeds.swift */,
				881D365F24BD570B00521220 /* Tag.swift */,
				881D366124BD572800521220 /* FeedComment.swift */,
				88E028EE24C7F071005EF2AE /* Location.swift */,
				88BAE1A924D0015E0063B22C /* FeedCategory.swift */,
			);
			path = Feeds;
			sourceTree = "<group>";
		};
		881D366424BD575B00521220 /* User */ = {
			isa = PBXGroup;
			children = (
				881D366524BD576900521220 /* UserFeeds.swift */,
				889F235E24DC6565007680C8 /* Profile.swift */,
			);
			path = User;
			sourceTree = "<group>";
		};
		881D366724BD578D00521220 /* Community */ = {
			isa = PBXGroup;
			children = (
				881D366824BD579C00521220 /* Community.swift */,
				881D366A24BD57B200521220 /* Discussion.swift */,
				881D366C24BD57BB00521220 /* DiscussionComment.swift */,
			);
			path = Community;
			sourceTree = "<group>";
		};
		88DF73C024C724160081B8B0 /* Cell */ = {
			isa = PBXGroup;
			children = (
				88DF73C124C724840081B8B0 /* FeedCell.swift */,
				88E028F324C86FF0005EF2AE /* FeedTagsCell.swift */,
				887F289D24CC418E00018E67 /* FeedCommentCell.swift */,
			);
			path = Cell;
			sourceTree = "<group>";
		};
/* End PBXGroup section */

/* Begin PBXNativeTarget section */
		881D35F824BD4A7800521220 /* kostzy */ = {
			isa = PBXNativeTarget;
			buildConfigurationList = 881D360D24BD4A7900521220 /* Build configuration list for PBXNativeTarget "kostzy" */;
			buildPhases = (
				881D35F524BD4A7800521220 /* Sources */,
				881D35F624BD4A7800521220 /* Frameworks */,
				881D35F724BD4A7800521220 /* Resources */,
			);
			buildRules = (
			);
			dependencies = (
			);
			name = kostzy;
			packageProductDependencies = (
			);
			productName = kostzy;
			productReference = 881D35F924BD4A7800521220 /* kostzy.app */;
			productType = "com.apple.product-type.application";
		};
/* End PBXNativeTarget section */

/* Begin PBXProject section */
		881D35F124BD4A7800521220 /* Project object */ = {
			isa = PBXProject;
			attributes = {
				LastSwiftUpdateCheck = 1150;
				LastUpgradeCheck = 1160;
				ORGANIZATIONNAME = "Apple Developer Academy";
				TargetAttributes = {
					881D35F824BD4A7800521220 = {
						CreatedOnToolsVersion = 11.5;
					};
				};
			};
			buildConfigurationList = 881D35F424BD4A7800521220 /* Build configuration list for PBXProject "kostzy" */;
			compatibilityVersion = "Xcode 9.3";
			developmentRegion = en;
			hasScannedForEncodings = 0;
			knownRegions = (
				en,
				Base,
			);
			mainGroup = 881D35F024BD4A7800521220;
			packageReferences = (
			);
			productRefGroup = 881D35FA24BD4A7800521220 /* Products */;
			projectDirPath = "";
			projectRoot = "";
			targets = (
				881D35F824BD4A7800521220 /* kostzy */,
			);
		};
/* End PBXProject section */

/* Begin PBXResourcesBuildPhase section */
		881D35F724BD4A7800521220 /* Resources */ = {
			isa = PBXResourcesBuildPhase;
			buildActionMask = 2147483647;
			files = (
				881D362C24BD4E4000521220 /* Map.storyboard in Resources */,
				881D362124BD4C6700521220 /* Feeds.storyboard in Resources */,
				88AC2EEB24BED07B00708B76 /* Menu.storyboard in Resources */,
				881D362524BD4C9B00521220 /* FeedsLocation.storyboard in Resources */,
				881D362324BD4C7800521220 /* FeedsDetail.storyboard in Resources */,
				8810C60B24C9BBDC00B8207D /* FeedsCreate.storyboard in Resources */,
				881D361524BD4B4700521220 /* Login.storyboard in Resources */,
				881D363D24BD521500521220 /* Main.storyboard in Resources */,
				2C86CD6824D7BD0B00997B55 /* NotificationView.xib in Resources */,
				881D360924BD4A7900521220 /* LaunchScreen.storyboard in Resources */,
				2C86CD6424D714A000997B55 /* TurnOnNotifView.xib in Resources */,
				881D360624BD4A7900521220 /* Assets.xcassets in Resources */,
				881D361F24BD4BF500521220 /* EditProfile.storyboard in Resources */,
				881D363124BD4F2A00521220 /* CreateDiscussion.storyboard in Resources */,
				881D361724BD4B5600521220 /* Register.storyboard in Resources */,
				88BDD7A124D163B1005E97A5 /* Guidelines.storyboard in Resources */,
				881D362F24BD4EC100521220 /* OffLimit.storyboard in Resources */,
				881D361D24BD4BEB00521220 /* Profile.storyboard in Resources */,
				881D362924BD4E1600521220 /* Community.storyboard in Resources */,
				2C3BC4CB24D27B3F000C2100 /* ForgotPassword.storyboard in Resources */,
				881D361A24BD4BD400521220 /* Notification.storyboard in Resources */,
				881D363324BD4FD700521220 /* DiscussionDetail.storyboard in Resources */,
			);
			runOnlyForDeploymentPostprocessing = 0;
		};
/* End PBXResourcesBuildPhase section */

/* Begin PBXSourcesBuildPhase section */
		881D35F524BD4A7800521220 /* Sources */ = {
			isa = PBXSourcesBuildPhase;
			buildActionMask = 2147483647;
			files = (
				88175B3524DAA7FB00EF6267 /* BaseAPIManager.swift in Sources */,
				881D364D24BD54B600521220 /* FeedsCreateVC.swift in Sources */,
				2CD5A2F924D6A63F00DDCE0F /* UITextViewHelper.swift in Sources */,
				881D366D24BD57BB00521220 /* DiscussionComment.swift in Sources */,
				2C66A7F224CFC6790039A167 /* NewDiscussionTableVC.swift in Sources */,
				881D363F24BD523E00521220 /* ViewController.swift in Sources */,
				2CD5A2F624D6A63F00DDCE0F /* UILabelHelper.swift in Sources */,
				2C63250624CD338E00A780B5 /* CommunityMemberCollectionCell.swift in Sources */,
				2CE981BE24CA753A007B2FF4 /* CommunityDetailVC.swift in Sources */,
				2C625BCE24CA89A3005EF2EF /* CommunityCollectionVC.swift in Sources */,
				2C22DEBC24D85D7200DDDFD7 /* GroupedSection.swift in Sources */,
				881D365124BD54F600521220 /* LoginVC.swift in Sources */,
				881D364B24BD549E00521220 /* FeedsLocationVC.swift in Sources */,
				88E028EF24C7F071005EF2AE /* Location.swift in Sources */,
				2C7D57C224CE868400F66FA6 /* CommunityLocationVC.swift in Sources */,
				881D364924BD53B300521220 /* FeedsDetailVC.swift in Sources */,
				889F235F24DC6565007680C8 /* Profile.swift in Sources */,
				2CD5A2F824D6A63F00DDCE0F /* UITextFieldHelper.swift in Sources */,
				2C625BD024CA89DC005EF2EF /* CommunityCollectionCell.swift in Sources */,
				881D364F24BD54E400521220 /* RegisterVC.swift in Sources */,
				2C86CD6024D7123D00997B55 /* TurnOnNotifView.swift in Sources */,
				881D366B24BD57B200521220 /* Discussion.swift in Sources */,
				881D364724BD539C00521220 /* FeedsVC.swift in Sources */,
				2C22DEBA24D8571600DDDFD7 /* NotificationTableVC.swift in Sources */,
				881D364524BD533A00521220 /* CommunityDiscussionVC.swift in Sources */,
				88BAE1AA24D0015E0063B22C /* FeedCategory.swift in Sources */,
				881D366924BD579C00521220 /* Community.swift in Sources */,
				881D364124BD52D900521220 /* CommunityVC.swift in Sources */,
				2C518EC324C85AB500B0B383 /* MyCommunityCell.swift in Sources */,
				2C69C68524C938820050C751 /* MyCommunityTable.swift in Sources */,
				2C518EAB24C7DDD800B0B383 /* HelperExtension.swift in Sources */,
				2C3BC4C924D2762C000C2100 /* ForgotPasswordVC.swift in Sources */,
				2CE981B024C9E246007B2FF4 /* CommunityCell.swift in Sources */,
				881D365B24BD566800521220 /* MapVC.swift in Sources */,
				886800C524D12814008E7AAE /* DetailDiscussionVC.swift in Sources */,
				2C518EB624C84DB000B0B383 /* ProfileTableVC.swift in Sources */,
				881D366224BD572800521220 /* FeedComment.swift in Sources */,
				2CD5A2F524D6A63F00DDCE0F /* NSLayoutHelper.swift in Sources */,
				887F289E24CC418E00018E67 /* FeedCommentCell.swift in Sources */,
				2CB9457424D9781D00B49ADC /* NotifItem.swift in Sources */,
				881D366024BD570B00521220 /* Tag.swift in Sources */,
				2CD5A2F724D6A63F00DDCE0F /* UIButtonHelper.swift in Sources */,
				2CE2379024D927D900996AE7 /* NotifStore.swift in Sources */,
				2C69C68724C93A030050C751 /* BadgeCollectionCell.swift in Sources */,
				881D365724BD564100521220 /* EditProfileVC.swift in Sources */,
				881D35FD24BD4A7800521220 /* AppDelegate.swift in Sources */,
				2CD4E77724D0646600FFD76D /* CommunityDetailTableVC.swift in Sources */,
				881D35FF24BD4A7800521220 /* SceneDelegate.swift in Sources */,
				2C63250924CDCB9500A780B5 /* CommunityAlbumCollectionCell.swift in Sources */,
				881D365324BD551F00521220 /* NotificationVC.swift in Sources */,
				2CE981BB24CA6BC6007B2FF4 /* CommunityDraftCollectionCell.swift in Sources */,
				881D365924BD565200521220 /* OffLimitVC.swift in Sources */,
				886800C824D134D0008E7AAE /* DiscussionCommentCell.swift in Sources */,
				2C65296C24CEE8EF00D242D2 /* CommunityDetailContainerVC.swift in Sources */,
				2CE981B924CA6B1E007B2FF4 /* CommunityDraftVC.swift in Sources */,
				2C625BCB24CA8681005EF2EF /* Expandable.swift in Sources */,
				2C86CD6D24D8429D00997B55 /* Notif.swift in Sources */,
				88E028F424C86FF0005EF2AE /* FeedTagsCell.swift in Sources */,
				88DF73C224C724840081B8B0 /* FeedCell.swift in Sources */,
				2C66A7F424CFE6690039A167 /* OffLimitsTableVC.swift in Sources */,
				2C86CD6A24D7BD1800997B55 /* NotificationView.swift in Sources */,
				2C6BA97024CF01C5004C39ED /* CommunityDiscussionCell.swift in Sources */,
				2CD5A2FA24D6A63F00DDCE0F /* DeviceHelper.swift in Sources */,
				881D365E24BD56E300521220 /* Feeds.swift in Sources */,
				881D366624BD576900521220 /* UserFeeds.swift in Sources */,
			);
			runOnlyForDeploymentPostprocessing = 0;
		};
/* End PBXSourcesBuildPhase section */

/* Begin PBXVariantGroup section */
		881D360724BD4A7900521220 /* LaunchScreen.storyboard */ = {
			isa = PBXVariantGroup;
			children = (
				881D360824BD4A7900521220 /* Base */,
			);
			name = LaunchScreen.storyboard;
			sourceTree = "<group>";
		};
/* End PBXVariantGroup section */

/* Begin XCBuildConfiguration section */
		881D360B24BD4A7900521220 /* Debug */ = {
			isa = XCBuildConfiguration;
			buildSettings = {
				ALWAYS_SEARCH_USER_PATHS = NO;
				CLANG_ANALYZER_NONNULL = YES;
				CLANG_ANALYZER_NUMBER_OBJECT_CONVERSION = YES_AGGRESSIVE;
				CLANG_CXX_LANGUAGE_STANDARD = "gnu++14";
				CLANG_CXX_LIBRARY = "libc++";
				CLANG_ENABLE_MODULES = YES;
				CLANG_ENABLE_OBJC_ARC = YES;
				CLANG_ENABLE_OBJC_WEAK = YES;
				CLANG_WARN_BLOCK_CAPTURE_AUTORELEASING = YES;
				CLANG_WARN_BOOL_CONVERSION = YES;
				CLANG_WARN_COMMA = YES;
				CLANG_WARN_CONSTANT_CONVERSION = YES;
				CLANG_WARN_DEPRECATED_OBJC_IMPLEMENTATIONS = YES;
				CLANG_WARN_DIRECT_OBJC_ISA_USAGE = YES_ERROR;
				CLANG_WARN_DOCUMENTATION_COMMENTS = YES;
				CLANG_WARN_EMPTY_BODY = YES;
				CLANG_WARN_ENUM_CONVERSION = YES;
				CLANG_WARN_INFINITE_RECURSION = YES;
				CLANG_WARN_INT_CONVERSION = YES;
				CLANG_WARN_NON_LITERAL_NULL_CONVERSION = YES;
				CLANG_WARN_OBJC_IMPLICIT_RETAIN_SELF = YES;
				CLANG_WARN_OBJC_LITERAL_CONVERSION = YES;
				CLANG_WARN_OBJC_ROOT_CLASS = YES_ERROR;
				CLANG_WARN_RANGE_LOOP_ANALYSIS = YES;
				CLANG_WARN_STRICT_PROTOTYPES = YES;
				CLANG_WARN_SUSPICIOUS_MOVE = YES;
				CLANG_WARN_UNGUARDED_AVAILABILITY = YES_AGGRESSIVE;
				CLANG_WARN_UNREACHABLE_CODE = YES;
				CLANG_WARN__DUPLICATE_METHOD_MATCH = YES;
				COPY_PHASE_STRIP = NO;
				DEBUG_INFORMATION_FORMAT = dwarf;
				ENABLE_STRICT_OBJC_MSGSEND = YES;
				ENABLE_TESTABILITY = YES;
				GCC_C_LANGUAGE_STANDARD = gnu11;
				GCC_DYNAMIC_NO_PIC = NO;
				GCC_NO_COMMON_BLOCKS = YES;
				GCC_OPTIMIZATION_LEVEL = 0;
				GCC_PREPROCESSOR_DEFINITIONS = (
					"DEBUG=1",
					"$(inherited)",
				);
				GCC_WARN_64_TO_32_BIT_CONVERSION = YES;
				GCC_WARN_ABOUT_RETURN_TYPE = YES_ERROR;
				GCC_WARN_UNDECLARED_SELECTOR = YES;
				GCC_WARN_UNINITIALIZED_AUTOS = YES_AGGRESSIVE;
				GCC_WARN_UNUSED_FUNCTION = YES;
				GCC_WARN_UNUSED_VARIABLE = YES;
				IPHONEOS_DEPLOYMENT_TARGET = 13.3;
				MTL_ENABLE_DEBUG_INFO = INCLUDE_SOURCE;
				MTL_FAST_MATH = YES;
				ONLY_ACTIVE_ARCH = YES;
				SDKROOT = iphoneos;
				SWIFT_ACTIVE_COMPILATION_CONDITIONS = DEBUG;
				SWIFT_OPTIMIZATION_LEVEL = "-Onone";
			};
			name = Debug;
		};
		881D360C24BD4A7900521220 /* Release */ = {
			isa = XCBuildConfiguration;
			buildSettings = {
				ALWAYS_SEARCH_USER_PATHS = NO;
				CLANG_ANALYZER_NONNULL = YES;
				CLANG_ANALYZER_NUMBER_OBJECT_CONVERSION = YES_AGGRESSIVE;
				CLANG_CXX_LANGUAGE_STANDARD = "gnu++14";
				CLANG_CXX_LIBRARY = "libc++";
				CLANG_ENABLE_MODULES = YES;
				CLANG_ENABLE_OBJC_ARC = YES;
				CLANG_ENABLE_OBJC_WEAK = YES;
				CLANG_WARN_BLOCK_CAPTURE_AUTORELEASING = YES;
				CLANG_WARN_BOOL_CONVERSION = YES;
				CLANG_WARN_COMMA = YES;
				CLANG_WARN_CONSTANT_CONVERSION = YES;
				CLANG_WARN_DEPRECATED_OBJC_IMPLEMENTATIONS = YES;
				CLANG_WARN_DIRECT_OBJC_ISA_USAGE = YES_ERROR;
				CLANG_WARN_DOCUMENTATION_COMMENTS = YES;
				CLANG_WARN_EMPTY_BODY = YES;
				CLANG_WARN_ENUM_CONVERSION = YES;
				CLANG_WARN_INFINITE_RECURSION = YES;
				CLANG_WARN_INT_CONVERSION = YES;
				CLANG_WARN_NON_LITERAL_NULL_CONVERSION = YES;
				CLANG_WARN_OBJC_IMPLICIT_RETAIN_SELF = YES;
				CLANG_WARN_OBJC_LITERAL_CONVERSION = YES;
				CLANG_WARN_OBJC_ROOT_CLASS = YES_ERROR;
				CLANG_WARN_RANGE_LOOP_ANALYSIS = YES;
				CLANG_WARN_STRICT_PROTOTYPES = YES;
				CLANG_WARN_SUSPICIOUS_MOVE = YES;
				CLANG_WARN_UNGUARDED_AVAILABILITY = YES_AGGRESSIVE;
				CLANG_WARN_UNREACHABLE_CODE = YES;
				CLANG_WARN__DUPLICATE_METHOD_MATCH = YES;
				COPY_PHASE_STRIP = NO;
				DEBUG_INFORMATION_FORMAT = "dwarf-with-dsym";
				ENABLE_NS_ASSERTIONS = NO;
				ENABLE_STRICT_OBJC_MSGSEND = YES;
				GCC_C_LANGUAGE_STANDARD = gnu11;
				GCC_NO_COMMON_BLOCKS = YES;
				GCC_WARN_64_TO_32_BIT_CONVERSION = YES;
				GCC_WARN_ABOUT_RETURN_TYPE = YES_ERROR;
				GCC_WARN_UNDECLARED_SELECTOR = YES;
				GCC_WARN_UNINITIALIZED_AUTOS = YES_AGGRESSIVE;
				GCC_WARN_UNUSED_FUNCTION = YES;
				GCC_WARN_UNUSED_VARIABLE = YES;
				IPHONEOS_DEPLOYMENT_TARGET = 13.3;
				MTL_ENABLE_DEBUG_INFO = NO;
				MTL_FAST_MATH = YES;
				SDKROOT = iphoneos;
				SWIFT_COMPILATION_MODE = wholemodule;
				SWIFT_OPTIMIZATION_LEVEL = "-O";
				VALIDATE_PRODUCT = YES;
			};
			name = Release;
		};
		881D360E24BD4A7900521220 /* Debug */ = {
			isa = XCBuildConfiguration;
			buildSettings = {
				ASSETCATALOG_COMPILER_APPICON_NAME = AppIcon;
				CODE_SIGN_ENTITLEMENTS = kostzy/kostzy.entitlements;
				CODE_SIGN_IDENTITY = "Apple Development";
				CODE_SIGN_STYLE = Automatic;
				DEVELOPMENT_TEAM = QWVAEMBXMM;
				INFOPLIST_FILE = kostzy/Info.plist;
				IPHONEOS_DEPLOYMENT_TARGET = 13.0;
				LD_RUNPATH_SEARCH_PATHS = (
					"$(inherited)",
					"@executable_path/Frameworks",
				);
				MARKETING_VERSION = 0.4.1;
				PRODUCT_BUNDLE_IDENTIFIER = com.ada.kostzy;
				PRODUCT_NAME = "$(TARGET_NAME)";
				PROVISIONING_PROFILE_SPECIFIER = "";
				SWIFT_VERSION = 5.0;
				TARGETED_DEVICE_FAMILY = 1;
			};
			name = Debug;
		};
		881D360F24BD4A7900521220 /* Release */ = {
			isa = XCBuildConfiguration;
			buildSettings = {
				ASSETCATALOG_COMPILER_APPICON_NAME = AppIcon;
				CODE_SIGN_ENTITLEMENTS = kostzy/kostzy.entitlements;
				CODE_SIGN_IDENTITY = "Apple Development";
				CODE_SIGN_STYLE = Automatic;
				DEVELOPMENT_TEAM = QWVAEMBXMM;
				INFOPLIST_FILE = kostzy/Info.plist;
				IPHONEOS_DEPLOYMENT_TARGET = 13.0;
				LD_RUNPATH_SEARCH_PATHS = (
					"$(inherited)",
					"@executable_path/Frameworks",
				);
				MARKETING_VERSION = 0.4.1;
				PRODUCT_BUNDLE_IDENTIFIER = com.ada.kostzy;
				PRODUCT_NAME = "$(TARGET_NAME)";
				PROVISIONING_PROFILE_SPECIFIER = "";
				SWIFT_VERSION = 5.0;
				TARGETED_DEVICE_FAMILY = 1;
			};
			name = Release;
		};
/* End XCBuildConfiguration section */

/* Begin XCConfigurationList section */
		881D35F424BD4A7800521220 /* Build configuration list for PBXProject "kostzy" */ = {
			isa = XCConfigurationList;
			buildConfigurations = (
				881D360B24BD4A7900521220 /* Debug */,
				881D360C24BD4A7900521220 /* Release */,
			);
			defaultConfigurationIsVisible = 0;
			defaultConfigurationName = Release;
		};
		881D360D24BD4A7900521220 /* Build configuration list for PBXNativeTarget "kostzy" */ = {
			isa = XCConfigurationList;
			buildConfigurations = (
				881D360E24BD4A7900521220 /* Debug */,
				881D360F24BD4A7900521220 /* Release */,
			);
			defaultConfigurationIsVisible = 0;
			defaultConfigurationName = Release;
		};
/* End XCConfigurationList section */
	};
	rootObject = 881D35F124BD4A7800521220 /* Project object */;
}
